
Microsoft Visual Studio Solution File, Format Version 12.00
# Visual Studio Version 17
VisualStudioVersion = 17.3.32825.248
MinimumVisualStudioVersion = 10.0.40219.1
Project("{FAE04EC0-301F-11D3-BF4B-00C04F79EFBC}") = "Sistem-gás", "Sistem-gás\Sistem-gás.csproj", "{10046C3A-B32A-47E8-990B-3380E741C828}"
EndProject
Global
	GlobalSection(SolutionConfigurationPlatforms) = preSolution
		Debug|Any CPU = Debug|Any CPU
		Release|Any CPU = Release|Any CPU
	EndGlobalSection
	GlobalSection(ProjectConfigurationPlatforms) = postSolution
		{10046C3A-B32A-47E8-990B-3380E741C828}.Debug|Any CPU.ActiveCfg = Debug|Any CPU
		{10046C3A-B32A-47E8-990B-3380E741C828}.Debug|Any CPU.Build.0 = Debug|Any CPU
		{10046C3A-B32A-47E8-990B-3380E741C828}.Release|Any CPU.ActiveCfg = Release|Any CPU
		{10046C3A-B32A-47E8-990B-3380E741C828}.Release|Any CPU.Build.0 = Release|Any CPU
	EndGlobalSection
	GlobalSection(SolutionProperties) = preSolution
		HideSolutionNode = FALSE
	EndGlobalSection
	GlobalSection(ExtensibilityGlobals) = postSolution
		SolutionGuid = {FA9B07B2-F2BC-4026-ADAF-90AA87DD1583}
	EndGlobalSection
EndGlobal
